
Microsoft Visual Studio Solution File, Format Version 12.00
Project("{FAE04EC0-301F-11D3-BF4B-00C04F79EFBC}") = "CTodo", "CTodo\CTodo.csproj", "{C262E0E6-91D0-4C3A-9698-9B8AB337A7BB}"
EndProject
Project("{FAE04EC0-301F-11D3-BF4B-00C04F79EFBC}") = "Utilities", "Utilities\Utilities.csproj", "{190218C4-FDD1-46DF-81CF-AAC4C463B975}"
EndProject
Global
	GlobalSection(SolutionConfigurationPlatforms) = preSolution
		Debug|Any CPU = Debug|Any CPU
		Release|Any CPU = Release|Any CPU
	EndGlobalSection
	GlobalSection(ProjectConfigurationPlatforms) = postSolution
		{C262E0E6-91D0-4C3A-9698-9B8AB337A7BB}.Debug|Any CPU.ActiveCfg = Debug|Any CPU
		{C262E0E6-91D0-4C3A-9698-9B8AB337A7BB}.Debug|Any CPU.Build.0 = Debug|Any CPU
		{C262E0E6-91D0-4C3A-9698-9B8AB337A7BB}.Release|Any CPU.ActiveCfg = Release|Any CPU
		{C262E0E6-91D0-4C3A-9698-9B8AB337A7BB}.Release|Any CPU.Build.0 = Release|Any CPU
		{190218C4-FDD1-46DF-81CF-AAC4C463B975}.Debug|Any CPU.ActiveCfg = Debug|Any CPU
		{190218C4-FDD1-46DF-81CF-AAC4C463B975}.Debug|Any CPU.Build.0 = Debug|Any CPU
		{190218C4-FDD1-46DF-81CF-AAC4C463B975}.Release|Any CPU.ActiveCfg = Release|Any CPU
		{190218C4-FDD1-46DF-81CF-AAC4C463B975}.Release|Any CPU.Build.0 = Release|Any CPU
	EndGlobalSection
EndGlobal
